// !$*UTF8*$!
{
	archiveVersion = 1;
	classes = {
	};
	objectVersion = 50;
	objects = {

/* Begin PBXBuildFile section */
		83B992E325BC217A00EFAC50 /* AppDelegate.swift in Sources */ = {isa = PBXBuildFile; fileRef = 83B992E225BC217A00EFAC50 /* AppDelegate.swift */; };
		83B992E725BC217A00EFAC50 /* ViewController.swift in Sources */ = {isa = PBXBuildFile; fileRef = 83B992E625BC217A00EFAC50 /* ViewController.swift */; };
		83B992EA25BC217A00EFAC50 /* Main.storyboard in Resources */ = {isa = PBXBuildFile; fileRef = 83B992E825BC217A00EFAC50 /* Main.storyboard */; };
		83B992EC25BC218200EFAC50 /* Assets.xcassets in Resources */ = {isa = PBXBuildFile; fileRef = 83B992EB25BC218200EFAC50 /* Assets.xcassets */; };
		83B992EF25BC218200EFAC50 /* LaunchScreen.storyboard in Resources */ = {isa = PBXBuildFile; fileRef = 83B992ED25BC218200EFAC50 /* LaunchScreen.storyboard */; };
		CE7C74E525C7DD3800955EBF /* UITabViewController.swift in Sources */ = {isa = PBXBuildFile; fileRef = CE7C74E425C7DD3800955EBF /* UITabViewController.swift */; };
		CE7C74E925C7E2BE00955EBF /* FriendsListTableViewController.swift in Sources */ = {isa = PBXBuildFile; fileRef = CE7C74E825C7E2BE00955EBF /* FriendsListTableViewController.swift */; };
		CE7C74ED25C7E41100955EBF /* FriendsTableViewCell.swift in Sources */ = {isa = PBXBuildFile; fileRef = CE7C74EB25C7E41100955EBF /* FriendsTableViewCell.swift */; };
		CE7C74EE25C7E41100955EBF /* FriendsTableViewCell.xib in Resources */ = {isa = PBXBuildFile; fileRef = CE7C74EC25C7E41100955EBF /* FriendsTableViewCell.xib */; };
		CE7C74F425C7E8A400955EBF /* FriendsCollectionViewController.swift in Sources */ = {isa = PBXBuildFile; fileRef = CE7C74F325C7E8A400955EBF /* FriendsCollectionViewController.swift */; };
		CE7C74F825C7EB0800955EBF /* GroupsTableViewController.swift in Sources */ = {isa = PBXBuildFile; fileRef = CE7C74F725C7EB0800955EBF /* GroupsTableViewController.swift */; };
		CE7C750125C7EB6E00955EBF /* GroupsTableViewCell.swift in Sources */ = {isa = PBXBuildFile; fileRef = CE7C74FF25C7EB6E00955EBF /* GroupsTableViewCell.swift */; };
		CE7C750225C7EB6E00955EBF /* GroupsTableViewCell.xib in Resources */ = {isa = PBXBuildFile; fileRef = CE7C750025C7EB6E00955EBF /* GroupsTableViewCell.xib */; };
/* End PBXBuildFile section */

/* Begin PBXFileReference section */
		83B992DF25BC217A00EFAC50 /* VKApp.app */ = {isa = PBXFileReference; explicitFileType = wrapper.application; includeInIndex = 0; path = VKApp.app; sourceTree = BUILT_PRODUCTS_DIR; };
		83B992E225BC217A00EFAC50 /* AppDelegate.swift */ = {isa = PBXFileReference; lastKnownFileType = sourcecode.swift; path = AppDelegate.swift; sourceTree = "<group>"; };
		83B992E625BC217A00EFAC50 /* ViewController.swift */ = {isa = PBXFileReference; lastKnownFileType = sourcecode.swift; path = ViewController.swift; sourceTree = "<group>"; };
		83B992E925BC217A00EFAC50 /* Base */ = {isa = PBXFileReference; lastKnownFileType = file.storyboard; name = Base; path = Base.lproj/Main.storyboard; sourceTree = "<group>"; };
		83B992EB25BC218200EFAC50 /* Assets.xcassets */ = {isa = PBXFileReference; lastKnownFileType = folder.assetcatalog; path = Assets.xcassets; sourceTree = "<group>"; };
		83B992EE25BC218200EFAC50 /* Base */ = {isa = PBXFileReference; lastKnownFileType = file.storyboard; name = Base; path = Base.lproj/LaunchScreen.storyboard; sourceTree = "<group>"; };
		83B992F025BC218200EFAC50 /* Info.plist */ = {isa = PBXFileReference; lastKnownFileType = text.plist.xml; path = Info.plist; sourceTree = "<group>"; };
		CE7C74E425C7DD3800955EBF /* UITabViewController.swift */ = {isa = PBXFileReference; lastKnownFileType = sourcecode.swift; path = UITabViewController.swift; sourceTree = "<group>"; };
		CE7C74E825C7E2BE00955EBF /* FriendsListTableViewController.swift */ = {isa = PBXFileReference; lastKnownFileType = sourcecode.swift; path = FriendsListTableViewController.swift; sourceTree = "<group>"; };
		CE7C74EB25C7E41100955EBF /* FriendsTableViewCell.swift */ = {isa = PBXFileReference; lastKnownFileType = sourcecode.swift; path = FriendsTableViewCell.swift; sourceTree = "<group>"; };
		CE7C74EC25C7E41100955EBF /* FriendsTableViewCell.xib */ = {isa = PBXFileReference; lastKnownFileType = file.xib; path = FriendsTableViewCell.xib; sourceTree = "<group>"; };
		CE7C74F325C7E8A400955EBF /* FriendsCollectionViewController.swift */ = {isa = PBXFileReference; lastKnownFileType = sourcecode.swift; path = FriendsCollectionViewController.swift; sourceTree = "<group>"; };
		CE7C74F725C7EB0800955EBF /* GroupsTableViewController.swift */ = {isa = PBXFileReference; lastKnownFileType = sourcecode.swift; path = GroupsTableViewController.swift; sourceTree = "<group>"; };
		CE7C74FF25C7EB6E00955EBF /* GroupsTableViewCell.swift */ = {isa = PBXFileReference; lastKnownFileType = sourcecode.swift; path = GroupsTableViewCell.swift; sourceTree = "<group>"; };
		CE7C750025C7EB6E00955EBF /* GroupsTableViewCell.xib */ = {isa = PBXFileReference; lastKnownFileType = file.xib; path = GroupsTableViewCell.xib; sourceTree = "<group>"; };
/* End PBXFileReference section */

/* Begin PBXFrameworksBuildPhase section */
		83B992DC25BC217A00EFAC50 /* Frameworks */ = {
			isa = PBXFrameworksBuildPhase;
			buildActionMask = 2147483647;
			files = (
			);
			runOnlyForDeploymentPostprocessing = 0;
		};
/* End PBXFrameworksBuildPhase section */

/* Begin PBXGroup section */
		83B992D625BC217A00EFAC50 = {
			isa = PBXGroup;
			children = (
				83B992E125BC217A00EFAC50 /* VKApp */,
				83B992E025BC217A00EFAC50 /* Products */,
			);
			sourceTree = "<group>";
		};
		83B992E025BC217A00EFAC50 /* Products */ = {
			isa = PBXGroup;
			children = (
				83B992DF25BC217A00EFAC50 /* VKApp.app */,
			);
			name = Products;
			sourceTree = "<group>";
		};
		83B992E125BC217A00EFAC50 /* VKApp */ = {
			isa = PBXGroup;
			children = (
				CE7C74E125C7DA1D00955EBF /* Storyboards */,
				CE7C74E025C7DA0C00955EBF /* ViewControllers */,
				83B992E225BC217A00EFAC50 /* AppDelegate.swift */,
				83B992EB25BC218200EFAC50 /* Assets.xcassets */,
				83B992F025BC218200EFAC50 /* Info.plist */,
			);
			path = VKApp;
			sourceTree = "<group>";
		};
		CE7C74E025C7DA0C00955EBF /* ViewControllers */ = {
			isa = PBXGroup;
			children = (
				83B992E625BC217A00EFAC50 /* ViewController.swift */,
				CE7C74E425C7DD3800955EBF /* UITabViewController.swift */,
				CE7C74E825C7E2BE00955EBF /* FriendsListTableViewController.swift */,
				CE7C74F325C7E8A400955EBF /* FriendsCollectionViewController.swift */,
				CE7C74F725C7EB0800955EBF /* GroupsTableViewController.swift */,
				CE7C74F125C7E42900955EBF /* CollectionCells */,
				CE7C74F025C7E41A00955EBF /* TableCells */,
			);
			path = ViewControllers;
			sourceTree = "<group>";
		};
		CE7C74E125C7DA1D00955EBF /* Storyboards */ = {
			isa = PBXGroup;
			children = (
				83B992E825BC217A00EFAC50 /* Main.storyboard */,
				83B992ED25BC218200EFAC50 /* LaunchScreen.storyboard */,
			);
			path = Storyboards;
			sourceTree = "<group>";
		};
		CE7C74F025C7E41A00955EBF /* TableCells */ = {
			isa = PBXGroup;
			children = (
				CE7C74EB25C7E41100955EBF /* FriendsTableViewCell.swift */,
				CE7C74EC25C7E41100955EBF /* FriendsTableViewCell.xib */,
				CE7C74FF25C7EB6E00955EBF /* GroupsTableViewCell.swift */,
				CE7C750025C7EB6E00955EBF /* GroupsTableViewCell.xib */,
			);
			path = TableCells;
			sourceTree = "<group>";
		};
		CE7C74F125C7E42900955EBF /* CollectionCells */ = {
			isa = PBXGroup;
			children = (
			);
			path = CollectionCells;
			sourceTree = "<group>";
		};
/* End PBXGroup section */

/* Begin PBXNativeTarget section */
		83B992DE25BC217A00EFAC50 /* VKApp */ = {
			isa = PBXNativeTarget;
			buildConfigurationList = 83B992F325BC218200EFAC50 /* Build configuration list for PBXNativeTarget "VKApp" */;
			buildPhases = (
				83B992DB25BC217A00EFAC50 /* Sources */,
				83B992DC25BC217A00EFAC50 /* Frameworks */,
				83B992DD25BC217A00EFAC50 /* Resources */,
			);
			buildRules = (
			);
			dependencies = (
			);
			name = VKApp;
			productName = VKApp;
			productReference = 83B992DF25BC217A00EFAC50 /* VKApp.app */;
			productType = "com.apple.product-type.application";
		};
/* End PBXNativeTarget section */

/* Begin PBXProject section */
		83B992D725BC217A00EFAC50 /* Project object */ = {
			isa = PBXProject;
			attributes = {
				LastSwiftUpdateCheck = 1230;
				LastUpgradeCheck = 1230;
				TargetAttributes = {
					83B992DE25BC217A00EFAC50 = {
						CreatedOnToolsVersion = 12.3;
					};
				};
			};
			buildConfigurationList = 83B992DA25BC217A00EFAC50 /* Build configuration list for PBXProject "VKApp" */;
			compatibilityVersion = "Xcode 9.3";
			developmentRegion = en;
			hasScannedForEncodings = 0;
			knownRegions = (
				en,
				Base,
			);
			mainGroup = 83B992D625BC217A00EFAC50;
			productRefGroup = 83B992E025BC217A00EFAC50 /* Products */;
			projectDirPath = "";
			projectRoot = "";
			targets = (
				83B992DE25BC217A00EFAC50 /* VKApp */,
			);
		};
/* End PBXProject section */

/* Begin PBXResourcesBuildPhase section */
		83B992DD25BC217A00EFAC50 /* Resources */ = {
			isa = PBXResourcesBuildPhase;
			buildActionMask = 2147483647;
			files = (
				83B992EF25BC218200EFAC50 /* LaunchScreen.storyboard in Resources */,
				83B992EC25BC218200EFAC50 /* Assets.xcassets in Resources */,
				CE7C750225C7EB6E00955EBF /* GroupsTableViewCell.xib in Resources */,
				83B992EA25BC217A00EFAC50 /* Main.storyboard in Resources */,
				CE7C74EE25C7E41100955EBF /* FriendsTableViewCell.xib in Resources */,
			);
			runOnlyForDeploymentPostprocessing = 0;
		};
/* End PBXResourcesBuildPhase section */

/* Begin PBXSourcesBuildPhase section */
		83B992DB25BC217A00EFAC50 /* Sources */ = {
			isa = PBXSourcesBuildPhase;
			buildActionMask = 2147483647;
			files = (
				CE7C74F425C7E8A400955EBF /* FriendsCollectionViewController.swift in Sources */,
				83B992E725BC217A00EFAC50 /* ViewController.swift in Sources */,
				CE7C74E925C7E2BE00955EBF /* FriendsListTableViewController.swift in Sources */,
				83B992E325BC217A00EFAC50 /* AppDelegate.swift in Sources */,
				CE7C74F825C7EB0800955EBF /* GroupsTableViewController.swift in Sources */,
				CE7C74ED25C7E41100955EBF /* FriendsTableViewCell.swift in Sources */,
				CE7C74E525C7DD3800955EBF /* UITabViewController.swift in Sources */,
				CE7C750125C7EB6E00955EBF /* GroupsTableViewCell.swift in Sources */,
			);
			runOnlyForDeploymentPostprocessing = 0;
		};
/* End PBXSourcesBuildPhase section */

/* Begin PBXVariantGroup section */
		83B992E825BC217A00EFAC50 /* Main.storyboard */ = {
			isa = PBXVariantGroup;
			children = (
				83B992E925BC217A00EFAC50 /* Base */,
			);
			name = Main.storyboard;
			sourceTree = "<group>";
		};
		83B992ED25BC218200EFAC50 /* LaunchScreen.storyboard */ = {
			isa = PBXVariantGroup;
			children = (
				83B992EE25BC218200EFAC50 /* Base */,
			);
			name = LaunchScreen.storyboard;
			sourceTree = "<group>";
		};
/* End PBXVariantGroup section */

/* Begin XCBuildConfiguration section */
		83B992F125BC218200EFAC50 /* Debug */ = {
			isa = XCBuildConfiguration;
			buildSettings = {
				ALWAYS_SEARCH_USER_PATHS = NO;
				CLANG_ANALYZER_NONNULL = YES;
				CLANG_ANALYZER_NUMBER_OBJECT_CONVERSION = YES_AGGRESSIVE;
				CLANG_CXX_LANGUAGE_STANDARD = "gnu++14";
				CLANG_CXX_LIBRARY = "libc++";
				CLANG_ENABLE_MODULES = YES;
				CLANG_ENABLE_OBJC_ARC = YES;
				CLANG_ENABLE_OBJC_WEAK = YES;
				CLANG_WARN_BLOCK_CAPTURE_AUTORELEASING = YES;
				CLANG_WARN_BOOL_CONVERSION = YES;
				CLANG_WARN_COMMA = YES;
				CLANG_WARN_CONSTANT_CONVERSION = YES;
				CLANG_WARN_DEPRECATED_OBJC_IMPLEMENTATIONS = YES;
				CLANG_WARN_DIRECT_OBJC_ISA_USAGE = YES_ERROR;
				CLANG_WARN_DOCUMENTATION_COMMENTS = YES;
				CLANG_WARN_EMPTY_BODY = YES;
				CLANG_WARN_ENUM_CONVERSION = YES;
				CLANG_WARN_INFINITE_RECURSION = YES;
				CLANG_WARN_INT_CONVERSION = YES;
				CLANG_WARN_NON_LITERAL_NULL_CONVERSION = YES;
				CLANG_WARN_OBJC_IMPLICIT_RETAIN_SELF = YES;
				CLANG_WARN_OBJC_LITERAL_CONVERSION = YES;
				CLANG_WARN_OBJC_ROOT_CLASS = YES_ERROR;
				CLANG_WARN_QUOTED_INCLUDE_IN_FRAMEWORK_HEADER = YES;
				CLANG_WARN_RANGE_LOOP_ANALYSIS = YES;
				CLANG_WARN_STRICT_PROTOTYPES = YES;
				CLANG_WARN_SUSPICIOUS_MOVE = YES;
				CLANG_WARN_UNGUARDED_AVAILABILITY = YES_AGGRESSIVE;
				CLANG_WARN_UNREACHABLE_CODE = YES;
				CLANG_WARN__DUPLICATE_METHOD_MATCH = YES;
				COPY_PHASE_STRIP = NO;
				DEBUG_INFORMATION_FORMAT = dwarf;
				ENABLE_STRICT_OBJC_MSGSEND = YES;
				ENABLE_TESTABILITY = YES;
				GCC_C_LANGUAGE_STANDARD = gnu11;
				GCC_DYNAMIC_NO_PIC = NO;
				GCC_NO_COMMON_BLOCKS = YES;
				GCC_OPTIMIZATION_LEVEL = 0;
				GCC_PREPROCESSOR_DEFINITIONS = (
					"DEBUG=1",
					"$(inherited)",
				);
				GCC_WARN_64_TO_32_BIT_CONVERSION = YES;
				GCC_WARN_ABOUT_RETURN_TYPE = YES_ERROR;
				GCC_WARN_UNDECLARED_SELECTOR = YES;
				GCC_WARN_UNINITIALIZED_AUTOS = YES_AGGRESSIVE;
				GCC_WARN_UNUSED_FUNCTION = YES;
				GCC_WARN_UNUSED_VARIABLE = YES;
				IPHONEOS_DEPLOYMENT_TARGET = 14.3;
				MTL_ENABLE_DEBUG_INFO = INCLUDE_SOURCE;
				MTL_FAST_MATH = YES;
				ONLY_ACTIVE_ARCH = YES;
				SDKROOT = iphoneos;
				SWIFT_ACTIVE_COMPILATION_CONDITIONS = DEBUG;
				SWIFT_OPTIMIZATION_LEVEL = "-Onone";
			};
			name = Debug;
		};
		83B992F225BC218200EFAC50 /* Release */ = {
			isa = XCBuildConfiguration;
			buildSettings = {
				ALWAYS_SEARCH_USER_PATHS = NO;
				CLANG_ANALYZER_NONNULL = YES;
				CLANG_ANALYZER_NUMBER_OBJECT_CONVERSION = YES_AGGRESSIVE;
				CLANG_CXX_LANGUAGE_STANDARD = "gnu++14";
				CLANG_CXX_LIBRARY = "libc++";
				CLANG_ENABLE_MODULES = YES;
				CLANG_ENABLE_OBJC_ARC = YES;
				CLANG_ENABLE_OBJC_WEAK = YES;
				CLANG_WARN_BLOCK_CAPTURE_AUTORELEASING = YES;
				CLANG_WARN_BOOL_CONVERSION = YES;
				CLANG_WARN_COMMA = YES;
				CLANG_WARN_CONSTANT_CONVERSION = YES;
				CLANG_WARN_DEPRECATED_OBJC_IMPLEMENTATIONS = YES;
				CLANG_WARN_DIRECT_OBJC_ISA_USAGE = YES_ERROR;
				CLANG_WARN_DOCUMENTATION_COMMENTS = YES;
				CLANG_WARN_EMPTY_BODY = YES;
				CLANG_WARN_ENUM_CONVERSION = YES;
				CLANG_WARN_INFINITE_RECURSION = YES;
				CLANG_WARN_INT_CONVERSION = YES;
				CLANG_WARN_NON_LITERAL_NULL_CONVERSION = YES;
				CLANG_WARN_OBJC_IMPLICIT_RETAIN_SELF = YES;
				CLANG_WARN_OBJC_LITERAL_CONVERSION = YES;
				CLANG_WARN_OBJC_ROOT_CLASS = YES_ERROR;
				CLANG_WARN_QUOTED_INCLUDE_IN_FRAMEWORK_HEADER = YES;
				CLANG_WARN_RANGE_LOOP_ANALYSIS = YES;
				CLANG_WARN_STRICT_PROTOTYPES = YES;
				CLANG_WARN_SUSPICIOUS_MOVE = YES;
				CLANG_WARN_UNGUARDED_AVAILABILITY = YES_AGGRESSIVE;
				CLANG_WARN_UNREACHABLE_CODE = YES;
				CLANG_WARN__DUPLICATE_METHOD_MATCH = YES;
				COPY_PHASE_STRIP = NO;
				DEBUG_INFORMATION_FORMAT = "dwarf-with-dsym";
				ENABLE_NS_ASSERTIONS = NO;
				ENABLE_STRICT_OBJC_MSGSEND = YES;
				GCC_C_LANGUAGE_STANDARD = gnu11;
				GCC_NO_COMMON_BLOCKS = YES;
				GCC_WARN_64_TO_32_BIT_CONVERSION = YES;
				GCC_WARN_ABOUT_RETURN_TYPE = YES_ERROR;
				GCC_WARN_UNDECLARED_SELECTOR = YES;
				GCC_WARN_UNINITIALIZED_AUTOS = YES_AGGRESSIVE;
				GCC_WARN_UNUSED_FUNCTION = YES;
				GCC_WARN_UNUSED_VARIABLE = YES;
				IPHONEOS_DEPLOYMENT_TARGET = 14.3;
				MTL_ENABLE_DEBUG_INFO = NO;
				MTL_FAST_MATH = YES;
				SDKROOT = iphoneos;
				SWIFT_COMPILATION_MODE = wholemodule;
				SWIFT_OPTIMIZATION_LEVEL = "-O";
				VALIDATE_PRODUCT = YES;
			};
			name = Release;
		};
		83B992F425BC218200EFAC50 /* Debug */ = {
			isa = XCBuildConfiguration;
			buildSettings = {
				ASSETCATALOG_COMPILER_APPICON_NAME = AppIcon;
				ASSETCATALOG_COMPILER_GLOBAL_ACCENT_COLOR_NAME = AccentColor;
				CODE_SIGN_STYLE = Automatic;
				DEVELOPMENT_TEAM = 77R3944333;
				INFOPLIST_FILE = VKApp/Info.plist;
				LD_RUNPATH_SEARCH_PATHS = (
					"$(inherited)",
					"@executable_path/Frameworks",
				);
				PRODUCT_BUNDLE_IDENTIFIER = SunRise.VKApp;
				PRODUCT_NAME = "$(TARGET_NAME)";
				SWIFT_VERSION = 5.0;
				TARGETED_DEVICE_FAMILY = "1,2";
			};
			name = Debug;
		};
		83B992F525BC218200EFAC50 /* Release */ = {
			isa = XCBuildConfiguration;
			buildSettings = {
				ASSETCATALOG_COMPILER_APPICON_NAME = AppIcon;
				ASSETCATALOG_COMPILER_GLOBAL_ACCENT_COLOR_NAME = AccentColor;
				CODE_SIGN_STYLE = Automatic;
				DEVELOPMENT_TEAM = 77R3944333;
				INFOPLIST_FILE = VKApp/Info.plist;
				LD_RUNPATH_SEARCH_PATHS = (
					"$(inherited)",
					"@executable_path/Frameworks",
				);
				PRODUCT_BUNDLE_IDENTIFIER = SunRise.VKApp;
				PRODUCT_NAME = "$(TARGET_NAME)";
				SWIFT_VERSION = 5.0;
				TARGETED_DEVICE_FAMILY = "1,2";
			};
			name = Release;
		};
/* End XCBuildConfiguration section */

/* Begin XCConfigurationList section */
		83B992DA25BC217A00EFAC50 /* Build configuration list for PBXProject "VKApp" */ = {
			isa = XCConfigurationList;
			buildConfigurations = (
				83B992F125BC218200EFAC50 /* Debug */,
				83B992F225BC218200EFAC50 /* Release */,
			);
			defaultConfigurationIsVisible = 0;
			defaultConfigurationName = Release;
		};
		83B992F325BC218200EFAC50 /* Build configuration list for PBXNativeTarget "VKApp" */ = {
			isa = XCConfigurationList;
			buildConfigurations = (
				83B992F425BC218200EFAC50 /* Debug */,
				83B992F525BC218200EFAC50 /* Release */,
			);
			defaultConfigurationIsVisible = 0;
			defaultConfigurationName = Release;
		};
/* End XCConfigurationList section */
	};
	rootObject = 83B992D725BC217A00EFAC50 /* Project object */;
}
