// !$*UTF8*$!
{
	archiveVersion = 1;
	classes = {
	};
	objectVersion = 50;
	objects = {

/* Begin PBXBuildFile section */
		83B992E325BC217A00EFAC50 /* AppDelegate.swift in Sources */ = {isa = PBXBuildFile; fileRef = 83B992E225BC217A00EFAC50 /* AppDelegate.swift */; };
		83B992E725BC217A00EFAC50 /* ViewController.swift in Sources */ = {isa = PBXBuildFile; fileRef = 83B992E625BC217A00EFAC50 /* ViewController.swift */; };
		83B992EA25BC217A00EFAC50 /* Main.storyboard in Resources */ = {isa = PBXBuildFile; fileRef = 83B992E825BC217A00EFAC50 /* Main.storyboard */; };
		83B992EC25BC218200EFAC50 /* Assets.xcassets in Resources */ = {isa = PBXBuildFile; fileRef = 83B992EB25BC218200EFAC50 /* Assets.xcassets */; };
		83B992EF25BC218200EFAC50 /* LaunchScreen.storyboard in Resources */ = {isa = PBXBuildFile; fileRef = 83B992ED25BC218200EFAC50 /* LaunchScreen.storyboard */; };
		CE14BC9425D110CE00C5F127 /* UserAvatarView.swift in Sources */ = {isa = PBXBuildFile; fileRef = CE14BC9325D110CE00C5F127 /* UserAvatarView.swift */; };
		CE14BCA225D12B5200C5F127 /* GroupsAvatarView.swift in Sources */ = {isa = PBXBuildFile; fileRef = CE14BCA125D12B5200C5F127 /* GroupsAvatarView.swift */; };
		CE14BCA925D1360800C5F127 /* Extentions.swift in Sources */ = {isa = PBXBuildFile; fileRef = CE14BCA825D1360800C5F127 /* Extentions.swift */; };
		CE14BCAC25D140AA00C5F127 /* LikeControlButton.swift in Sources */ = {isa = PBXBuildFile; fileRef = CE14BCAB25D140AA00C5F127 /* LikeControlButton.swift */; };
		CE1C2B0425D5449100605FA6 /* PostCollectionViewCell.swift in Sources */ = {isa = PBXBuildFile; fileRef = CE1C2B0225D5449100605FA6 /* PostCollectionViewCell.swift */; };
		CE1C2B0525D5449100605FA6 /* PostCollectionViewCell.xib in Resources */ = {isa = PBXBuildFile; fileRef = CE1C2B0325D5449100605FA6 /* PostCollectionViewCell.xib */; };
		CE1C2B0825D545F400605FA6 /* NewsViewController.swift in Sources */ = {isa = PBXBuildFile; fileRef = CE1C2B0725D545F400605FA6 /* NewsViewController.swift */; };
		CE1C2B1225D54D7A00605FA6 /* NewsPost.swift in Sources */ = {isa = PBXBuildFile; fileRef = CE1C2B1125D54D7A00605FA6 /* NewsPost.swift */; };
		CE59069F25E1165100CF67C2 /* PhotoViewerViewController.swift in Sources */ = {isa = PBXBuildFile; fileRef = CE59069E25E1165100CF67C2 /* PhotoViewerViewController.swift */; };
		CE5906A525E1299700CF67C2 /* FriendsPhotosCollectionViewCell.swift in Sources */ = {isa = PBXBuildFile; fileRef = CE5906A325E1299700CF67C2 /* FriendsPhotosCollectionViewCell.swift */; };
		CE5906A625E1299700CF67C2 /* FriendsPhotosCollectionViewCell.xib in Resources */ = {isa = PBXBuildFile; fileRef = CE5906A425E1299700CF67C2 /* FriendsPhotosCollectionViewCell.xib */; };
		CE7C74E525C7DD3800955EBF /* UITabViewController.swift in Sources */ = {isa = PBXBuildFile; fileRef = CE7C74E425C7DD3800955EBF /* UITabViewController.swift */; };
		CE7C74E925C7E2BE00955EBF /* FriendsListViewController.swift in Sources */ = {isa = PBXBuildFile; fileRef = CE7C74E825C7E2BE00955EBF /* FriendsListViewController.swift */; };
		CE7C74ED25C7E41100955EBF /* FriendsTableViewCell.swift in Sources */ = {isa = PBXBuildFile; fileRef = CE7C74EB25C7E41100955EBF /* FriendsTableViewCell.swift */; };
		CE7C74EE25C7E41100955EBF /* FriendsTableViewCell.xib in Resources */ = {isa = PBXBuildFile; fileRef = CE7C74EC25C7E41100955EBF /* FriendsTableViewCell.xib */; };
		CE7C74F425C7E8A400955EBF /* FriendsPhotosViewController.swift in Sources */ = {isa = PBXBuildFile; fileRef = CE7C74F325C7E8A400955EBF /* FriendsPhotosViewController.swift */; };
		CE7C74F825C7EB0800955EBF /* GroupsTableViewController.swift in Sources */ = {isa = PBXBuildFile; fileRef = CE7C74F725C7EB0800955EBF /* GroupsTableViewController.swift */; };
		CE7C750625C7F04000955EBF /* SearchGroupsTableViewController.swift in Sources */ = {isa = PBXBuildFile; fileRef = CE7C750525C7F04000955EBF /* SearchGroupsTableViewController.swift */; };
		CE7C750B25C7F0E300955EBF /* User.swift in Sources */ = {isa = PBXBuildFile; fileRef = CE7C750A25C7F0E300955EBF /* User.swift */; };
		CE7C750F25C7F27A00955EBF /* Group.swift in Sources */ = {isa = PBXBuildFile; fileRef = CE7C750E25C7F27A00955EBF /* Group.swift */; };
		CE7C751C25C7FE0100955EBF /* GroupsTableViewCell.swift in Sources */ = {isa = PBXBuildFile; fileRef = CE7C751A25C7FE0100955EBF /* GroupsTableViewCell.swift */; };
		CE7C751D25C7FE0100955EBF /* GroupsTableViewCell.xib in Resources */ = {isa = PBXBuildFile; fileRef = CE7C751B25C7FE0100955EBF /* GroupsTableViewCell.xib */; };
		CE7DAC3325D7E20C006407C8 /* ImageCollectionViewCell.swift in Sources */ = {isa = PBXBuildFile; fileRef = CE7DAC3125D7E20C006407C8 /* ImageCollectionViewCell.swift */; };
		CE7DAC3425D7E20C006407C8 /* ImageCollectionViewCell.xib in Resources */ = {isa = PBXBuildFile; fileRef = CE7DAC3225D7E20C006407C8 /* ImageCollectionViewCell.xib */; };
		CE7DAC4325D806BA006407C8 /* LoadingViewController.swift in Sources */ = {isa = PBXBuildFile; fileRef = CE7DAC4225D806BA006407C8 /* LoadingViewController.swift */; };
		CE7DE1FA25D3D8170023C1F1 /* Constants.swift in Sources */ = {isa = PBXBuildFile; fileRef = CE7DE1F925D3D8170023C1F1 /* Constants.swift */; };
		CE7DE1FD25D3D8E80023C1F1 /* AlphabetFriendsSearch.swift in Sources */ = {isa = PBXBuildFile; fileRef = CE7DE1FC25D3D8E80023C1F1 /* AlphabetFriendsSearch.swift */; };
		CED0D17625D405E8004DFCDF /* FriendsUITableViewHeaderFooterView.swift in Sources */ = {isa = PBXBuildFile; fileRef = CED0D17525D405E8004DFCDF /* FriendsUITableViewHeaderFooterView.swift */; };
		CED0D17E25D40BE5004DFCDF /* FriendsUITableViewHeaderFooterView.xib in Resources */ = {isa = PBXBuildFile; fileRef = CED0D17D25D40BE5004DFCDF /* FriendsUITableViewHeaderFooterView.xib */; };
/* End PBXBuildFile section */

/* Begin PBXFileReference section */
		83B992DF25BC217A00EFAC50 /* VKApp.app */ = {isa = PBXFileReference; explicitFileType = wrapper.application; includeInIndex = 0; path = VKApp.app; sourceTree = BUILT_PRODUCTS_DIR; };
		83B992E225BC217A00EFAC50 /* AppDelegate.swift */ = {isa = PBXFileReference; lastKnownFileType = sourcecode.swift; path = AppDelegate.swift; sourceTree = "<group>"; };
		83B992E625BC217A00EFAC50 /* ViewController.swift */ = {isa = PBXFileReference; lastKnownFileType = sourcecode.swift; path = ViewController.swift; sourceTree = "<group>"; };
		83B992E925BC217A00EFAC50 /* Base */ = {isa = PBXFileReference; lastKnownFileType = file.storyboard; name = Base; path = Base.lproj/Main.storyboard; sourceTree = "<group>"; };
		83B992EB25BC218200EFAC50 /* Assets.xcassets */ = {isa = PBXFileReference; lastKnownFileType = folder.assetcatalog; path = Assets.xcassets; sourceTree = "<group>"; };
		83B992EE25BC218200EFAC50 /* Base */ = {isa = PBXFileReference; lastKnownFileType = file.storyboard; name = Base; path = Base.lproj/LaunchScreen.storyboard; sourceTree = "<group>"; };
		83B992F025BC218200EFAC50 /* Info.plist */ = {isa = PBXFileReference; lastKnownFileType = text.plist.xml; path = Info.plist; sourceTree = "<group>"; };
		CE14BC9325D110CE00C5F127 /* UserAvatarView.swift */ = {isa = PBXFileReference; lastKnownFileType = sourcecode.swift; path = UserAvatarView.swift; sourceTree = "<group>"; };
		CE14BCA125D12B5200C5F127 /* GroupsAvatarView.swift */ = {isa = PBXFileReference; lastKnownFileType = sourcecode.swift; path = GroupsAvatarView.swift; sourceTree = "<group>"; };
		CE14BCA825D1360800C5F127 /* Extentions.swift */ = {isa = PBXFileReference; lastKnownFileType = sourcecode.swift; path = Extentions.swift; sourceTree = "<group>"; };
		CE14BCAB25D140AA00C5F127 /* LikeControlButton.swift */ = {isa = PBXFileReference; lastKnownFileType = sourcecode.swift; path = LikeControlButton.swift; sourceTree = "<group>"; };
		CE1C2B0225D5449100605FA6 /* PostCollectionViewCell.swift */ = {isa = PBXFileReference; lastKnownFileType = sourcecode.swift; path = PostCollectionViewCell.swift; sourceTree = "<group>"; };
		CE1C2B0325D5449100605FA6 /* PostCollectionViewCell.xib */ = {isa = PBXFileReference; lastKnownFileType = file.xib; path = PostCollectionViewCell.xib; sourceTree = "<group>"; };
		CE1C2B0725D545F400605FA6 /* NewsViewController.swift */ = {isa = PBXFileReference; lastKnownFileType = sourcecode.swift; path = NewsViewController.swift; sourceTree = "<group>"; };
		CE1C2B1125D54D7A00605FA6 /* NewsPost.swift */ = {isa = PBXFileReference; lastKnownFileType = sourcecode.swift; path = NewsPost.swift; sourceTree = "<group>"; };
		CE59069E25E1165100CF67C2 /* PhotoViewerViewController.swift */ = {isa = PBXFileReference; lastKnownFileType = sourcecode.swift; path = PhotoViewerViewController.swift; sourceTree = "<group>"; };
		CE5906A325E1299700CF67C2 /* FriendsPhotosCollectionViewCell.swift */ = {isa = PBXFileReference; lastKnownFileType = sourcecode.swift; path = FriendsPhotosCollectionViewCell.swift; sourceTree = "<group>"; };
		CE5906A425E1299700CF67C2 /* FriendsPhotosCollectionViewCell.xib */ = {isa = PBXFileReference; lastKnownFileType = file.xib; path = FriendsPhotosCollectionViewCell.xib; sourceTree = "<group>"; };
		CE7C74E425C7DD3800955EBF /* UITabViewController.swift */ = {isa = PBXFileReference; lastKnownFileType = sourcecode.swift; path = UITabViewController.swift; sourceTree = "<group>"; };
		CE7C74E825C7E2BE00955EBF /* FriendsListViewController.swift */ = {isa = PBXFileReference; lastKnownFileType = sourcecode.swift; path = FriendsListViewController.swift; sourceTree = "<group>"; };
		CE7C74EB25C7E41100955EBF /* FriendsTableViewCell.swift */ = {isa = PBXFileReference; lastKnownFileType = sourcecode.swift; path = FriendsTableViewCell.swift; sourceTree = "<group>"; };
		CE7C74EC25C7E41100955EBF /* FriendsTableViewCell.xib */ = {isa = PBXFileReference; lastKnownFileType = file.xib; path = FriendsTableViewCell.xib; sourceTree = "<group>"; };
		CE7C74F325C7E8A400955EBF /* FriendsPhotosViewController.swift */ = {isa = PBXFileReference; lastKnownFileType = sourcecode.swift; path = FriendsPhotosViewController.swift; sourceTree = "<group>"; };
		CE7C74F725C7EB0800955EBF /* GroupsTableViewController.swift */ = {isa = PBXFileReference; lastKnownFileType = sourcecode.swift; path = GroupsTableViewController.swift; sourceTree = "<group>"; };
		CE7C750525C7F04000955EBF /* SearchGroupsTableViewController.swift */ = {isa = PBXFileReference; lastKnownFileType = sourcecode.swift; path = SearchGroupsTableViewController.swift; sourceTree = "<group>"; };
		CE7C750A25C7F0E300955EBF /* User.swift */ = {isa = PBXFileReference; lastKnownFileType = sourcecode.swift; path = User.swift; sourceTree = "<group>"; };
		CE7C750E25C7F27A00955EBF /* Group.swift */ = {isa = PBXFileReference; lastKnownFileType = sourcecode.swift; path = Group.swift; sourceTree = "<group>"; };
		CE7C751A25C7FE0100955EBF /* GroupsTableViewCell.swift */ = {isa = PBXFileReference; lastKnownFileType = sourcecode.swift; path = GroupsTableViewCell.swift; sourceTree = "<group>"; };
		CE7C751B25C7FE0100955EBF /* GroupsTableViewCell.xib */ = {isa = PBXFileReference; lastKnownFileType = file.xib; path = GroupsTableViewCell.xib; sourceTree = "<group>"; };
		CE7DAC3125D7E20C006407C8 /* ImageCollectionViewCell.swift */ = {isa = PBXFileReference; lastKnownFileType = sourcecode.swift; path = ImageCollectionViewCell.swift; sourceTree = "<group>"; };
		CE7DAC3225D7E20C006407C8 /* ImageCollectionViewCell.xib */ = {isa = PBXFileReference; lastKnownFileType = file.xib; path = ImageCollectionViewCell.xib; sourceTree = "<group>"; };
		CE7DAC4225D806BA006407C8 /* LoadingViewController.swift */ = {isa = PBXFileReference; lastKnownFileType = sourcecode.swift; path = LoadingViewController.swift; sourceTree = "<group>"; };
		CE7DE1F925D3D8170023C1F1 /* Constants.swift */ = {isa = PBXFileReference; lastKnownFileType = sourcecode.swift; path = Constants.swift; sourceTree = "<group>"; };
		CE7DE1FC25D3D8E80023C1F1 /* AlphabetFriendsSearch.swift */ = {isa = PBXFileReference; lastKnownFileType = sourcecode.swift; path = AlphabetFriendsSearch.swift; sourceTree = "<group>"; };
		CED0D17525D405E8004DFCDF /* FriendsUITableViewHeaderFooterView.swift */ = {isa = PBXFileReference; lastKnownFileType = sourcecode.swift; path = FriendsUITableViewHeaderFooterView.swift; sourceTree = "<group>"; };
		CED0D17D25D40BE5004DFCDF /* FriendsUITableViewHeaderFooterView.xib */ = {isa = PBXFileReference; lastKnownFileType = file.xib; path = FriendsUITableViewHeaderFooterView.xib; sourceTree = "<group>"; };
/* End PBXFileReference section */

/* Begin PBXFrameworksBuildPhase section */
		83B992DC25BC217A00EFAC50 /* Frameworks */ = {
			isa = PBXFrameworksBuildPhase;
			buildActionMask = 2147483647;
			files = (
			);
			runOnlyForDeploymentPostprocessing = 0;
		};
/* End PBXFrameworksBuildPhase section */

/* Begin PBXGroup section */
		83B992D625BC217A00EFAC50 = {
			isa = PBXGroup;
			children = (
				83B992E125BC217A00EFAC50 /* VKApp */,
				83B992E025BC217A00EFAC50 /* Products */,
			);
			sourceTree = "<group>";
		};
		83B992E025BC217A00EFAC50 /* Products */ = {
			isa = PBXGroup;
			children = (
				83B992DF25BC217A00EFAC50 /* VKApp.app */,
			);
			name = Products;
			sourceTree = "<group>";
		};
		83B992E125BC217A00EFAC50 /* VKApp */ = {
			isa = PBXGroup;
			children = (
				CE7C750825C7F0D100955EBF /* Model */,
				CE7C74E125C7DA1D00955EBF /* Storyboards */,
				CE7C74E025C7DA0C00955EBF /* ViewControllers */,
				CE14BCA725D135EC00C5F127 /* Extensions */,
				83B992E225BC217A00EFAC50 /* AppDelegate.swift */,
				83B992EB25BC218200EFAC50 /* Assets.xcassets */,
				83B992F025BC218200EFAC50 /* Info.plist */,
			);
			path = VKApp;
			sourceTree = "<group>";
		};
		CE14BC9225D110A800C5F127 /* Custom view elements */ = {
			isa = PBXGroup;
			children = (
				CE14BC9325D110CE00C5F127 /* UserAvatarView.swift */,
				CE14BCA125D12B5200C5F127 /* GroupsAvatarView.swift */,
				CE14BCAB25D140AA00C5F127 /* LikeControlButton.swift */,
				CE7DE1FC25D3D8E80023C1F1 /* AlphabetFriendsSearch.swift */,
			);
			path = "Custom view elements";
			sourceTree = "<group>";
		};
		CE14BCA725D135EC00C5F127 /* Extensions */ = {
			isa = PBXGroup;
			children = (
				CE14BCA825D1360800C5F127 /* Extentions.swift */,
			);
			path = Extensions;
			sourceTree = "<group>";
		};
		CE59069225DFBC6B00CF67C2 /* Friends */ = {
			isa = PBXGroup;
			children = (
				CE7C74E825C7E2BE00955EBF /* FriendsListViewController.swift */,
				CE7C74F325C7E8A400955EBF /* FriendsPhotosViewController.swift */,
			);
			path = Friends;
			sourceTree = "<group>";
		};
		CE59069325DFBC8300CF67C2 /* Groups */ = {
			isa = PBXGroup;
			children = (
				CE7C74F725C7EB0800955EBF /* GroupsTableViewController.swift */,
				CE7C750525C7F04000955EBF /* SearchGroupsTableViewController.swift */,
			);
			path = Groups;
			sourceTree = "<group>";
		};
		CE59069425DFBC8F00CF67C2 /* Intro */ = {
			isa = PBXGroup;
			children = (
				83B992E625BC217A00EFAC50 /* ViewController.swift */,
				CE7C74E425C7DD3800955EBF /* UITabViewController.swift */,
			);
			path = Intro;
			sourceTree = "<group>";
		};
		CE59069525DFBCA800CF67C2 /* Support */ = {
			isa = PBXGroup;
			children = (
				CE7DAC4225D806BA006407C8 /* LoadingViewController.swift */,
				CE59069E25E1165100CF67C2 /* PhotoViewerViewController.swift */,
			);
			path = Support;
			sourceTree = "<group>";
		};
		CE7C74E025C7DA0C00955EBF /* ViewControllers */ = {
			isa = PBXGroup;
			children = (
				CE1C2B0725D545F400605FA6 /* NewsViewController.swift */,
				CE59069425DFBC8F00CF67C2 /* Intro */,
				CE59069225DFBC6B00CF67C2 /* Friends */,
				CE59069325DFBC8300CF67C2 /* Groups */,
				CE59069525DFBCA800CF67C2 /* Support */,
				CE7C74F125C7E42900955EBF /* CollectionCells */,
				CE14BC9225D110A800C5F127 /* Custom view elements */,
				CE7C74F025C7E41A00955EBF /* TableCells */,
			);
			path = ViewControllers;
			sourceTree = "<group>";
		};
		CE7C74E125C7DA1D00955EBF /* Storyboards */ = {
			isa = PBXGroup;
			children = (
				83B992E825BC217A00EFAC50 /* Main.storyboard */,
				83B992ED25BC218200EFAC50 /* LaunchScreen.storyboard */,
			);
			path = Storyboards;
			sourceTree = "<group>";
		};
		CE7C74F025C7E41A00955EBF /* TableCells */ = {
			isa = PBXGroup;
			children = (
				CE7C74EB25C7E41100955EBF /* FriendsTableViewCell.swift */,
				CE7C74EC25C7E41100955EBF /* FriendsTableViewCell.xib */,
				CE7C751A25C7FE0100955EBF /* GroupsTableViewCell.swift */,
				CE7C751B25C7FE0100955EBF /* GroupsTableViewCell.xib */,
				CED0D17525D405E8004DFCDF /* FriendsUITableViewHeaderFooterView.swift */,
				CED0D17D25D40BE5004DFCDF /* FriendsUITableViewHeaderFooterView.xib */,
			);
			path = TableCells;
			sourceTree = "<group>";
		};
		CE7C74F125C7E42900955EBF /* CollectionCells */ = {
			isa = PBXGroup;
			children = (
				CE1C2B0225D5449100605FA6 /* PostCollectionViewCell.swift */,
				CE1C2B0325D5449100605FA6 /* PostCollectionViewCell.xib */,
				CE7DAC3125D7E20C006407C8 /* ImageCollectionViewCell.swift */,
				CE7DAC3225D7E20C006407C8 /* ImageCollectionViewCell.xib */,
				CE5906A325E1299700CF67C2 /* FriendsPhotosCollectionViewCell.swift */,
				CE5906A425E1299700CF67C2 /* FriendsPhotosCollectionViewCell.xib */,
			);
			path = CollectionCells;
			sourceTree = "<group>";
		};
		CE7C750825C7F0D100955EBF /* Model */ = {
			isa = PBXGroup;
			children = (
				CE7C750A25C7F0E300955EBF /* User.swift */,
				CE7C750E25C7F27A00955EBF /* Group.swift */,
				CE7DE1F925D3D8170023C1F1 /* Constants.swift */,
				CE1C2B1125D54D7A00605FA6 /* NewsPost.swift */,
			);
			path = Model;
			sourceTree = "<group>";
		};
/* End PBXGroup section */

/* Begin PBXNativeTarget section */
		83B992DE25BC217A00EFAC50 /* VKApp */ = {
			isa = PBXNativeTarget;
			buildConfigurationList = 83B992F325BC218200EFAC50 /* Build configuration list for PBXNativeTarget "VKApp" */;
			buildPhases = (
				83B992DB25BC217A00EFAC50 /* Sources */,
				83B992DC25BC217A00EFAC50 /* Frameworks */,
				83B992DD25BC217A00EFAC50 /* Resources */,
			);
			buildRules = (
			);
			dependencies = (
			);
			name = VKApp;
			productName = VKApp;
			productReference = 83B992DF25BC217A00EFAC50 /* VKApp.app */;
			productType = "com.apple.product-type.application";
		};
/* End PBXNativeTarget section */

/* Begin PBXProject section */
		83B992D725BC217A00EFAC50 /* Project object */ = {
			isa = PBXProject;
			attributes = {
				LastSwiftUpdateCheck = 1230;
				LastUpgradeCheck = 1230;
				TargetAttributes = {
					83B992DE25BC217A00EFAC50 = {
						CreatedOnToolsVersion = 12.3;
					};
				};
			};
			buildConfigurationList = 83B992DA25BC217A00EFAC50 /* Build configuration list for PBXProject "VKApp" */;
			compatibilityVersion = "Xcode 9.3";
			developmentRegion = en;
			hasScannedForEncodings = 0;
			knownRegions = (
				en,
				Base,
			);
			mainGroup = 83B992D625BC217A00EFAC50;
			productRefGroup = 83B992E025BC217A00EFAC50 /* Products */;
			projectDirPath = "";
			projectRoot = "";
			targets = (
				83B992DE25BC217A00EFAC50 /* VKApp */,
			);
		};
/* End PBXProject section */

/* Begin PBXResourcesBuildPhase section */
		83B992DD25BC217A00EFAC50 /* Resources */ = {
			isa = PBXResourcesBuildPhase;
			buildActionMask = 2147483647;
			files = (
				CE1C2B0525D5449100605FA6 /* PostCollectionViewCell.xib in Resources */,
				CED0D17E25D40BE5004DFCDF /* FriendsUITableViewHeaderFooterView.xib in Resources */,
				83B992EF25BC218200EFAC50 /* LaunchScreen.storyboard in Resources */,
				CE5906A625E1299700CF67C2 /* FriendsPhotosCollectionViewCell.xib in Resources */,
				83B992EC25BC218200EFAC50 /* Assets.xcassets in Resources */,
				CE7C751D25C7FE0100955EBF /* GroupsTableViewCell.xib in Resources */,
				83B992EA25BC217A00EFAC50 /* Main.storyboard in Resources */,
				CE7DAC3425D7E20C006407C8 /* ImageCollectionViewCell.xib in Resources */,
				CE7C74EE25C7E41100955EBF /* FriendsTableViewCell.xib in Resources */,
			);
			runOnlyForDeploymentPostprocessing = 0;
		};
/* End PBXResourcesBuildPhase section */

/* Begin PBXSourcesBuildPhase section */
		83B992DB25BC217A00EFAC50 /* Sources */ = {
			isa = PBXSourcesBuildPhase;
			buildActionMask = 2147483647;
			files = (
				CE7C750F25C7F27A00955EBF /* Group.swift in Sources */,
				CE59069F25E1165100CF67C2 /* PhotoViewerViewController.swift in Sources */,
				CE7C74F425C7E8A400955EBF /* FriendsPhotosViewController.swift in Sources */,
				CE7DE1FD25D3D8E80023C1F1 /* AlphabetFriendsSearch.swift in Sources */,
				CE1C2B0825D545F400605FA6 /* NewsViewController.swift in Sources */,
				CE14BCA925D1360800C5F127 /* Extentions.swift in Sources */,
				CE1C2B1225D54D7A00605FA6 /* NewsPost.swift in Sources */,
				CE1C2B0425D5449100605FA6 /* PostCollectionViewCell.swift in Sources */,
				CED0D17625D405E8004DFCDF /* FriendsUITableViewHeaderFooterView.swift in Sources */,
				CE14BCA225D12B5200C5F127 /* GroupsAvatarView.swift in Sources */,
				CE7DAC4325D806BA006407C8 /* LoadingViewController.swift in Sources */,
				CE14BCAC25D140AA00C5F127 /* LikeControlButton.swift in Sources */,
				83B992E725BC217A00EFAC50 /* ViewController.swift in Sources */,
				CE7C74E925C7E2BE00955EBF /* FriendsListViewController.swift in Sources */,
				CE7DAC3325D7E20C006407C8 /* ImageCollectionViewCell.swift in Sources */,
				CE7DE1FA25D3D8170023C1F1 /* Constants.swift in Sources */,
				CE14BC9425D110CE00C5F127 /* UserAvatarView.swift in Sources */,
				CE7C750625C7F04000955EBF /* SearchGroupsTableViewController.swift in Sources */,
				83B992E325BC217A00EFAC50 /* AppDelegate.swift in Sources */,
				CE7C750B25C7F0E300955EBF /* User.swift in Sources */,
				CE5906A525E1299700CF67C2 /* FriendsPhotosCollectionViewCell.swift in Sources */,
				CE7C751C25C7FE0100955EBF /* GroupsTableViewCell.swift in Sources */,
				CE7C74F825C7EB0800955EBF /* GroupsTableViewController.swift in Sources */,
				CE7C74ED25C7E41100955EBF /* FriendsTableViewCell.swift in Sources */,
				CE7C74E525C7DD3800955EBF /* UITabViewController.swift in Sources */,
			);
			runOnlyForDeploymentPostprocessing = 0;
		};
/* End PBXSourcesBuildPhase section */

/* Begin PBXVariantGroup section */
		83B992E825BC217A00EFAC50 /* Main.storyboard */ = {
			isa = PBXVariantGroup;
			children = (
				83B992E925BC217A00EFAC50 /* Base */,
			);
			name = Main.storyboard;
			sourceTree = "<group>";
		};
		83B992ED25BC218200EFAC50 /* LaunchScreen.storyboard */ = {
			isa = PBXVariantGroup;
			children = (
				83B992EE25BC218200EFAC50 /* Base */,
			);
			name = LaunchScreen.storyboard;
			sourceTree = "<group>";
		};
/* End PBXVariantGroup section */

/* Begin XCBuildConfiguration section */
		83B992F125BC218200EFAC50 /* Debug */ = {
			isa = XCBuildConfiguration;
			buildSettings = {
				ALWAYS_SEARCH_USER_PATHS = NO;
				CLANG_ANALYZER_NONNULL = YES;
				CLANG_ANALYZER_NUMBER_OBJECT_CONVERSION = YES_AGGRESSIVE;
				CLANG_CXX_LANGUAGE_STANDARD = "gnu++14";
				CLANG_CXX_LIBRARY = "libc++";
				CLANG_ENABLE_MODULES = YES;
				CLANG_ENABLE_OBJC_ARC = YES;
				CLANG_ENABLE_OBJC_WEAK = YES;
				CLANG_WARN_BLOCK_CAPTURE_AUTORELEASING = YES;
				CLANG_WARN_BOOL_CONVERSION = YES;
				CLANG_WARN_COMMA = YES;
				CLANG_WARN_CONSTANT_CONVERSION = YES;
				CLANG_WARN_DEPRECATED_OBJC_IMPLEMENTATIONS = YES;
				CLANG_WARN_DIRECT_OBJC_ISA_USAGE = YES_ERROR;
				CLANG_WARN_DOCUMENTATION_COMMENTS = YES;
				CLANG_WARN_EMPTY_BODY = YES;
				CLANG_WARN_ENUM_CONVERSION = YES;
				CLANG_WARN_INFINITE_RECURSION = YES;
				CLANG_WARN_INT_CONVERSION = YES;
				CLANG_WARN_NON_LITERAL_NULL_CONVERSION = YES;
				CLANG_WARN_OBJC_IMPLICIT_RETAIN_SELF = YES;
				CLANG_WARN_OBJC_LITERAL_CONVERSION = YES;
				CLANG_WARN_OBJC_ROOT_CLASS = YES_ERROR;
				CLANG_WARN_QUOTED_INCLUDE_IN_FRAMEWORK_HEADER = YES;
				CLANG_WARN_RANGE_LOOP_ANALYSIS = YES;
				CLANG_WARN_STRICT_PROTOTYPES = YES;
				CLANG_WARN_SUSPICIOUS_MOVE = YES;
				CLANG_WARN_UNGUARDED_AVAILABILITY = YES_AGGRESSIVE;
				CLANG_WARN_UNREACHABLE_CODE = YES;
				CLANG_WARN__DUPLICATE_METHOD_MATCH = YES;
				COPY_PHASE_STRIP = NO;
				DEBUG_INFORMATION_FORMAT = dwarf;
				ENABLE_STRICT_OBJC_MSGSEND = YES;
				ENABLE_TESTABILITY = YES;
				GCC_C_LANGUAGE_STANDARD = gnu11;
				GCC_DYNAMIC_NO_PIC = NO;
				GCC_NO_COMMON_BLOCKS = YES;
				GCC_OPTIMIZATION_LEVEL = 0;
				GCC_PREPROCESSOR_DEFINITIONS = (
					"DEBUG=1",
					"$(inherited)",
				);
				GCC_WARN_64_TO_32_BIT_CONVERSION = YES;
				GCC_WARN_ABOUT_RETURN_TYPE = YES_ERROR;
				GCC_WARN_UNDECLARED_SELECTOR = YES;
				GCC_WARN_UNINITIALIZED_AUTOS = YES_AGGRESSIVE;
				GCC_WARN_UNUSED_FUNCTION = YES;
				GCC_WARN_UNUSED_VARIABLE = YES;
				IPHONEOS_DEPLOYMENT_TARGET = 14.3;
				MTL_ENABLE_DEBUG_INFO = INCLUDE_SOURCE;
				MTL_FAST_MATH = YES;
				ONLY_ACTIVE_ARCH = YES;
				SDKROOT = iphoneos;
				SWIFT_ACTIVE_COMPILATION_CONDITIONS = DEBUG;
				SWIFT_OPTIMIZATION_LEVEL = "-Onone";
			};
			name = Debug;
		};
		83B992F225BC218200EFAC50 /* Release */ = {
			isa = XCBuildConfiguration;
			buildSettings = {
				ALWAYS_SEARCH_USER_PATHS = NO;
				CLANG_ANALYZER_NONNULL = YES;
				CLANG_ANALYZER_NUMBER_OBJECT_CONVERSION = YES_AGGRESSIVE;
				CLANG_CXX_LANGUAGE_STANDARD = "gnu++14";
				CLANG_CXX_LIBRARY = "libc++";
				CLANG_ENABLE_MODULES = YES;
				CLANG_ENABLE_OBJC_ARC = YES;
				CLANG_ENABLE_OBJC_WEAK = YES;
				CLANG_WARN_BLOCK_CAPTURE_AUTORELEASING = YES;
				CLANG_WARN_BOOL_CONVERSION = YES;
				CLANG_WARN_COMMA = YES;
				CLANG_WARN_CONSTANT_CONVERSION = YES;
				CLANG_WARN_DEPRECATED_OBJC_IMPLEMENTATIONS = YES;
				CLANG_WARN_DIRECT_OBJC_ISA_USAGE = YES_ERROR;
				CLANG_WARN_DOCUMENTATION_COMMENTS = YES;
				CLANG_WARN_EMPTY_BODY = YES;
				CLANG_WARN_ENUM_CONVERSION = YES;
				CLANG_WARN_INFINITE_RECURSION = YES;
				CLANG_WARN_INT_CONVERSION = YES;
				CLANG_WARN_NON_LITERAL_NULL_CONVERSION = YES;
				CLANG_WARN_OBJC_IMPLICIT_RETAIN_SELF = YES;
				CLANG_WARN_OBJC_LITERAL_CONVERSION = YES;
				CLANG_WARN_OBJC_ROOT_CLASS = YES_ERROR;
				CLANG_WARN_QUOTED_INCLUDE_IN_FRAMEWORK_HEADER = YES;
				CLANG_WARN_RANGE_LOOP_ANALYSIS = YES;
				CLANG_WARN_STRICT_PROTOTYPES = YES;
				CLANG_WARN_SUSPICIOUS_MOVE = YES;
				CLANG_WARN_UNGUARDED_AVAILABILITY = YES_AGGRESSIVE;
				CLANG_WARN_UNREACHABLE_CODE = YES;
				CLANG_WARN__DUPLICATE_METHOD_MATCH = YES;
				COPY_PHASE_STRIP = NO;
				DEBUG_INFORMATION_FORMAT = "dwarf-with-dsym";
				ENABLE_NS_ASSERTIONS = NO;
				ENABLE_STRICT_OBJC_MSGSEND = YES;
				GCC_C_LANGUAGE_STANDARD = gnu11;
				GCC_NO_COMMON_BLOCKS = YES;
				GCC_WARN_64_TO_32_BIT_CONVERSION = YES;
				GCC_WARN_ABOUT_RETURN_TYPE = YES_ERROR;
				GCC_WARN_UNDECLARED_SELECTOR = YES;
				GCC_WARN_UNINITIALIZED_AUTOS = YES_AGGRESSIVE;
				GCC_WARN_UNUSED_FUNCTION = YES;
				GCC_WARN_UNUSED_VARIABLE = YES;
				IPHONEOS_DEPLOYMENT_TARGET = 14.3;
				MTL_ENABLE_DEBUG_INFO = NO;
				MTL_FAST_MATH = YES;
				SDKROOT = iphoneos;
				SWIFT_COMPILATION_MODE = wholemodule;
				SWIFT_OPTIMIZATION_LEVEL = "-O";
				VALIDATE_PRODUCT = YES;
			};
			name = Release;
		};
		83B992F425BC218200EFAC50 /* Debug */ = {
			isa = XCBuildConfiguration;
			buildSettings = {
				ASSETCATALOG_COMPILER_APPICON_NAME = AppIcon;
				ASSETCATALOG_COMPILER_GLOBAL_ACCENT_COLOR_NAME = AccentColor;
				CODE_SIGN_STYLE = Automatic;
				DEVELOPMENT_TEAM = 77R3944333;
				INFOPLIST_FILE = VKApp/Info.plist;
				LD_RUNPATH_SEARCH_PATHS = (
					"$(inherited)",
					"@executable_path/Frameworks",
				);
				PRODUCT_BUNDLE_IDENTIFIER = SunRise.VKApp;
				PRODUCT_NAME = "$(TARGET_NAME)";
				SWIFT_VERSION = 5.0;
				TARGETED_DEVICE_FAMILY = "1,2";
			};
			name = Debug;
		};
		83B992F525BC218200EFAC50 /* Release */ = {
			isa = XCBuildConfiguration;
			buildSettings = {
				ASSETCATALOG_COMPILER_APPICON_NAME = AppIcon;
				ASSETCATALOG_COMPILER_GLOBAL_ACCENT_COLOR_NAME = AccentColor;
				CODE_SIGN_STYLE = Automatic;
				DEVELOPMENT_TEAM = 77R3944333;
				INFOPLIST_FILE = VKApp/Info.plist;
				LD_RUNPATH_SEARCH_PATHS = (
					"$(inherited)",
					"@executable_path/Frameworks",
				);
				PRODUCT_BUNDLE_IDENTIFIER = SunRise.VKApp;
				PRODUCT_NAME = "$(TARGET_NAME)";
				SWIFT_VERSION = 5.0;
				TARGETED_DEVICE_FAMILY = "1,2";
			};
			name = Release;
		};
/* End XCBuildConfiguration section */

/* Begin XCConfigurationList section */
		83B992DA25BC217A00EFAC50 /* Build configuration list for PBXProject "VKApp" */ = {
			isa = XCConfigurationList;
			buildConfigurations = (
				83B992F125BC218200EFAC50 /* Debug */,
				83B992F225BC218200EFAC50 /* Release */,
			);
			defaultConfigurationIsVisible = 0;
			defaultConfigurationName = Release;
		};
		83B992F325BC218200EFAC50 /* Build configuration list for PBXNativeTarget "VKApp" */ = {
			isa = XCConfigurationList;
			buildConfigurations = (
				83B992F425BC218200EFAC50 /* Debug */,
				83B992F525BC218200EFAC50 /* Release */,
			);
			defaultConfigurationIsVisible = 0;
			defaultConfigurationName = Release;
		};
/* End XCConfigurationList section */
	};
	rootObject = 83B992D725BC217A00EFAC50 /* Project object */;
}
